
Microsoft Visual Studio Solution File, Format Version 12.00
# Visual Studio Version 17
VisualStudioVersion = 17.11.35312.102
MinimumVisualStudioVersion = 10.0.40219.1
Project("{FAE04EC0-301F-11D3-BF4B-00C04F79EFBC}") = "MuresanDianaLab7", "MuresanDianaLab7.csproj", "{A60FB6C7-1FD1-44F1-AD7D-8035961B3AB2}"
EndProject
Global
	GlobalSection(SolutionConfigurationPlatforms) = preSolution
		Debug|Any CPU = Debug|Any CPU
		Release|Any CPU = Release|Any CPU
	EndGlobalSection
	GlobalSection(ProjectConfigurationPlatforms) = postSolution
		{A60FB6C7-1FD1-44F1-AD7D-8035961B3AB2}.Debug|Any CPU.ActiveCfg = Debug|Any CPU
		{A60FB6C7-1FD1-44F1-AD7D-8035961B3AB2}.Debug|Any CPU.Build.0 = Debug|Any CPU
		{A60FB6C7-1FD1-44F1-AD7D-8035961B3AB2}.Debug|Any CPU.Deploy.0 = Debug|Any CPU
		{A60FB6C7-1FD1-44F1-AD7D-8035961B3AB2}.Release|Any CPU.ActiveCfg = Release|Any CPU
		{A60FB6C7-1FD1-44F1-AD7D-8035961B3AB2}.Release|Any CPU.Build.0 = Release|Any CPU
		{A60FB6C7-1FD1-44F1-AD7D-8035961B3AB2}.Release|Any CPU.Deploy.0 = Release|Any CPU
	EndGlobalSection
	GlobalSection(SolutionProperties) = preSolution
		HideSolutionNode = FALSE
	EndGlobalSection
	GlobalSection(ExtensibilityGlobals) = postSolution
		SolutionGuid = {03321225-18B6-4270-8206-26ACB93A1201}
	EndGlobalSection
EndGlobal
